
Microsoft Visual Studio Solution File, Format Version 12.00
# Visual Studio Version 17
VisualStudioVersion = 17.1.32328.378
MinimumVisualStudioVersion = 10.0.40219.1
Project("{FAE04EC0-301F-11D3-BF4B-00C04F79EFBC}") = "stampa e scansione", "stampa e scansione.csproj", "{71F28806-A00F-485C-BED2-FCB32B36DD0F}"
EndProject
Global
	GlobalSection(SolutionConfigurationPlatforms) = preSolution
		Debug|Any CPU = Debug|Any CPU
		Release|Any CPU = Release|Any CPU
	EndGlobalSection
	GlobalSection(ProjectConfigurationPlatforms) = postSolution
		{71F28806-A00F-485C-BED2-FCB32B36DD0F}.Debug|Any CPU.ActiveCfg = Debug|Any CPU
		{71F28806-A00F-485C-BED2-FCB32B36DD0F}.Debug|Any CPU.Build.0 = Debug|Any CPU
		{71F28806-A00F-485C-BED2-FCB32B36DD0F}.Release|Any CPU.ActiveCfg = Release|Any CPU
		{71F28806-A00F-485C-BED2-FCB32B36DD0F}.Release|Any CPU.Build.0 = Release|Any CPU
	EndGlobalSection
	GlobalSection(SolutionProperties) = preSolution
		HideSolutionNode = FALSE
	EndGlobalSection
	GlobalSection(ExtensibilityGlobals) = postSolution
		SolutionGuid = {83F408A3-A808-43C5-BA0A-7E3CBA940331}
	EndGlobalSection
EndGlobal
